
Microsoft Visual Studio Solution File, Format Version 12.00
Project("{FAE04EC0-301F-11D3-BF4B-00C04F79EFBC}") = "EFCoreAPITemplateNet6", "EFCoreAPITemplateNet6.csproj", "{540ECDBA-F2CC-4D2C-86D2-A64AD73BF93C}"
EndProject
Global
	GlobalSection(SolutionConfigurationPlatforms) = preSolution
		Debug|Any CPU = Debug|Any CPU
		Release|Any CPU = Release|Any CPU
	EndGlobalSection
	GlobalSection(ProjectConfigurationPlatforms) = postSolution
		{540ECDBA-F2CC-4D2C-86D2-A64AD73BF93C}.Debug|Any CPU.ActiveCfg = Debug|Any CPU
		{540ECDBA-F2CC-4D2C-86D2-A64AD73BF93C}.Debug|Any CPU.Build.0 = Debug|Any CPU
		{540ECDBA-F2CC-4D2C-86D2-A64AD73BF93C}.Release|Any CPU.ActiveCfg = Release|Any CPU
		{540ECDBA-F2CC-4D2C-86D2-A64AD73BF93C}.Release|Any CPU.Build.0 = Release|Any CPU
	EndGlobalSection
EndGlobal
